{
  "requires": true,
  "lockfileVersion": 1,
  "dependencies": {
    "marked": {
      "version": "2.0.7",
      "resolved": "https://registry.npmjs.org/marked/-/marked-2.0.7.tgz",
      "integrity": "sha512-BJXxkuIfJchcXOJWTT2DOL+yFWifFv2yGYOUzvXg8Qz610QKw+sHCvTMYwA+qWGhlA2uivBezChZ/pBy1tWdkQ=="
    }
  }
}
